<?xml version="1.0" encoding="utf-8"?>
<Project ToolsVersion="4.0" xmlns="http://schemas.microsoft.com/developer/msbuild/2003">
  <ItemGroup>
    <Filter Include="ソース ファイル">
      <UniqueIdentifier>{4FC737F1-C7A5-4376-A066-2A32D752A2FF}</UniqueIdentifier>
      <Extensions>cpp;c;cc;cxx;def;odl;idl;hpj;bat;asm;asmx</Extensions>
    </Filter>
    <Filter Include="ヘッダー ファイル">
      <UniqueIdentifier>{93995380-89BD-4b04-88EB-625FBE52EBFB}</UniqueIdentifier>
      <Extensions>h;hh;hpp;hxx;hm;inl;inc;xsd</Extensions>
    </Filter>
    <Filter Include="リソース ファイル">
      <UniqueIdentifier>{67DA6AB6-F800-4c08-8B7A-83BB121AAD01}</UniqueIdentifier>
      <Extensions>rc;ico;cur;bmp;dlg;rc2;rct;bin;rgs;gif;jpg;jpeg;jpe;resx;tiff;tif;png;wav;mfcribbon-ms</Extensions>
    </Filter>
    <Filter Include="ソース ファイル\ui">
      <UniqueIdentifier>{1e6eaf70-a972-4e77-a82d-208032e4c8ef}</UniqueIdentifier>
    </Filter>
    <Filter Include="ソース ファイル\framework">
      <UniqueIdentifier>{a85332ec-fbbb-4691-97df-2df56ba1ca4c}</UniqueIdentifier>
    </Filter>
    <Filter Include="ソース ファイル\framework\io">
      <UniqueIdentifier>{0247f668-fbdb-4da1-bb17-051b03ff4e06}</UniqueIdentifier>
    </Filter>
    <Filter Include="ソース ファイル\framework\draw">
      <UniqueIdentifier>{4ad55521-ae26-42bc-83ef-dfe59a590e62}</UniqueIdentifier>
    </Filter>
    <Filter Include="ソース ファイル\framework\image">
      <UniqueIdentifier>{4278a51a-c3dd-4de3-979a-e86d68e545c6}</UniqueIdentifier>
    </Filter>
  </ItemGroup>
  <ItemGroup>
    <ClCompile Include="src\main.cpp">
      <Filter>ソース ファイル</Filter>
    </ClCompile>
    <ClCompile Include="src\framework\io\File.cpp">
      <Filter>ソース ファイル\framework\io</Filter>
    </ClCompile>
    <ClCompile Include="src\ui\UiMng.cpp">
      <Filter>ソース ファイル\ui</Filter>
    </ClCompile>
    <ClCompile Include="src\framework\draw\DrawWGL.cpp">
      <Filter>ソース ファイル\framework\draw</Filter>
    </ClCompile>
    <ClCompile Include="src\framework\image\Image.cpp">
      <Filter>ソース ファイル\framework\image</Filter>
    </ClCompile>
    <ClCompile Include="src\ui\Window.cpp">
      <Filter>ソース ファイル\ui</Filter>
    </ClCompile>
    <ClCompile Include="src\ui\WindowWIN32.cpp">
      <Filter>ソース ファイル\ui</Filter>
    </ClCompile>
    <ClCompile Include="src\framework\image\LocalImage.cpp">
      <Filter>ソース ファイル\framework\image</Filter>
    </ClCompile>
  </ItemGroup>
  <ItemGroup>
    <ClInclude Include="src\framework\io\File.hpp">
      <Filter>ソース ファイル\framework\io</Filter>
    </ClInclude>
    <ClInclude Include="src\ui\UiMng.hpp">
      <Filter>ソース ファイル\ui</Filter>
    </ClInclude>
    <ClInclude Include="src\framework\draw\DrawIF.hpp">
      <Filter>ソース ファイル\framework\draw</Filter>
    </ClInclude>
    <ClInclude Include="src\framework\draw\DrawWGL.hpp">
      <Filter>ソース ファイル\framework\draw</Filter>
    </ClInclude>
    <ClInclude Include="src\framework\image\Image.hpp">
      <Filter>ソース ファイル\framework\image</Filter>
    </ClInclude>
    <ClInclude Include="src\framework\Std.hpp">
      <Filter>ソース ファイル\framework</Filter>
    </ClInclude>
    <ClInclude Include="src\ui\Window.hpp">
      <Filter>ソース ファイル\ui</Filter>
    </ClInclude>
    <ClInclude Include="src\ui\WindowWIN32.hpp">
      <Filter>ソース ファイル\ui</Filter>
    </ClInclude>
    <ClInclude Include="src\framework\image\LocalImage.hpp">
      <Filter>ソース ファイル\framework\image</Filter>
    </ClInclude>
  </ItemGroup>
</Project>